
Microsoft Visual Studio Solution File, Format Version 12.00
# Visual Studio 15
VisualStudioVersion = 15.0.28010.2041
MinimumVisualStudioVersion = 10.0.40219.1
Project("{8BC9CEB8-8B4A-11D0-8D11-00A0C91BC942}") = "脑残家长c++", "脑残家长c++\脑残家长c++.vcxproj", "{ABBABBB6-9DDB-4310-9238-868BA23B520C}"
EndProject
Global
	GlobalSection(SolutionConfigurationPlatforms) = preSolution
		Debug|x64 = Debug|x64
		Debug|x86 = Debug|x86
		Release|x64 = Release|x64
		Release|x86 = Release|x86
	EndGlobalSection
	GlobalSection(ProjectConfigurationPlatforms) = postSolution
		{ABBABBB6-9DDB-4310-9238-868BA23B520C}.Debug|x64.ActiveCfg = Debug|x64
		{ABBABBB6-9DDB-4310-9238-868BA23B520C}.Debug|x64.Build.0 = Debug|x64
		{ABBABBB6-9DDB-4310-9238-868BA23B520C}.Debug|x86.ActiveCfg = Debug|Win32
		{ABBABBB6-9DDB-4310-9238-868BA23B520C}.Debug|x86.Build.0 = Debug|Win32
		{ABBABBB6-9DDB-4310-9238-868BA23B520C}.Release|x64.ActiveCfg = Release|x64
		{ABBABBB6-9DDB-4310-9238-868BA23B520C}.Release|x64.Build.0 = Release|x64
		{ABBABBB6-9DDB-4310-9238-868BA23B520C}.Release|x86.ActiveCfg = Release|Win32
		{ABBABBB6-9DDB-4310-9238-868BA23B520C}.Release|x86.Build.0 = Release|Win32
	EndGlobalSection
	GlobalSection(SolutionProperties) = preSolution
		HideSolutionNode = FALSE
	EndGlobalSection
	GlobalSection(ExtensibilityGlobals) = postSolution
		SolutionGuid = {A1011423-768A-4FCA-A598-4E8DBA7D8829}
	EndGlobalSection
EndGlobal
